github.com/PurityLake/go-ecs v0.0.7 h1:BJp8jevDoHJ+yXjmLroEpCApjO3I2booxHILMgeV2LI=
github.com/PurityLake/go-ecs v0.0.7/go.mod h1:8G8N4WELBQLzb+saZvJHtK+KU84tHYANHnu/iEHi5I0=
github.com/veandco/go-sdl2 v0.4.38 h1:lx8syOA2ccXlgViYkQe2Kn/4xt+p9mdd1Qc/yYMrmSo=
github.com/veandco/go-sdl2 v0.4.38/go.mod h1:OROqMhHD43nT4/i9crJukyVecjPNYYuCofep6SNiAjY=
