github.com/PurityLake/go-ecs v0.0.2 h1:WiTQwGjsBTxFsF3dxRQ8gjhNUw88yX8kDs4lfLtjmBQ=
github.com/PurityLake/go-ecs v0.0.2/go.mod h1:8G8N4WELBQLzb+saZvJHtK+KU84tHYANHnu/iEHi5I0=
github.com/veandco/go-sdl2 v0.4.38 h1:lx8syOA2ccXlgViYkQe2Kn/4xt+p9mdd1Qc/yYMrmSo=
github.com/veandco/go-sdl2 v0.4.38/go.mod h1:OROqMhHD43nT4/i9crJukyVecjPNYYuCofep6SNiAjY=
